
Microsoft Visual Studio Solution File, Format Version 12.00
# Visual Studio Version 17
VisualStudioVersion = 17.7.34018.315
MinimumVisualStudioVersion = 10.0.40219.1
Project("{8BC9CEB8-8B4A-11D0-8D11-00A0C91BC942}") = "CalculatorTutorial", "CalculatorTutorial\CalculatorTutorial.vcxproj", "{9952BAC7-B9FD-4E92-BA68-A73A879479E5}"
EndProject
Global
	GlobalSection(SolutionConfigurationPlatforms) = preSolution
		Debug|x64 = Debug|x64
		Debug|x86 = Debug|x86
		Release|x64 = Release|x64
		Release|x86 = Release|x86
	EndGlobalSection
	GlobalSection(ProjectConfigurationPlatforms) = postSolution
		{9952BAC7-B9FD-4E92-BA68-A73A879479E5}.Debug|x64.ActiveCfg = Debug|x64
		{9952BAC7-B9FD-4E92-BA68-A73A879479E5}.Debug|x64.Build.0 = Debug|x64
		{9952BAC7-B9FD-4E92-BA68-A73A879479E5}.Debug|x86.ActiveCfg = Debug|Win32
		{9952BAC7-B9FD-4E92-BA68-A73A879479E5}.Debug|x86.Build.0 = Debug|Win32
		{9952BAC7-B9FD-4E92-BA68-A73A879479E5}.Release|x64.ActiveCfg = Release|x64
		{9952BAC7-B9FD-4E92-BA68-A73A879479E5}.Release|x64.Build.0 = Release|x64
		{9952BAC7-B9FD-4E92-BA68-A73A879479E5}.Release|x86.ActiveCfg = Release|Win32
		{9952BAC7-B9FD-4E92-BA68-A73A879479E5}.Release|x86.Build.0 = Release|Win32
	EndGlobalSection
	GlobalSection(SolutionProperties) = preSolution
		HideSolutionNode = FALSE
	EndGlobalSection
	GlobalSection(ExtensibilityGlobals) = postSolution
		SolutionGuid = {27D37EA2-A790-4C66-A225-54D91B41E69E}
	EndGlobalSection
EndGlobal
